
Microsoft Visual Studio Solution File, Format Version 12.00
# Visual Studio Version 17
VisualStudioVersion = 17.14.36202.13 d17.14
MinimumVisualStudioVersion = 10.0.40219.1
Project("{FAE04EC0-301F-11D3-BF4B-00C04F79EFBC}") = "inventory_mouse_use", "inventory_mouse_use.csproj", "{887557C9-ADDE-3CA0-4BF4-B57247551953}"
EndProject
Global
	GlobalSection(SolutionConfigurationPlatforms) = preSolution
		Debug|Any CPU = Debug|Any CPU
		Release|Any CPU = Release|Any CPU
	EndGlobalSection
	GlobalSection(ProjectConfigurationPlatforms) = postSolution
		{887557C9-ADDE-3CA0-4BF4-B57247551953}.Debug|Any CPU.ActiveCfg = Debug|Any CPU
		{887557C9-ADDE-3CA0-4BF4-B57247551953}.Debug|Any CPU.Build.0 = Debug|Any CPU
		{887557C9-ADDE-3CA0-4BF4-B57247551953}.Release|Any CPU.ActiveCfg = Release|Any CPU
		{887557C9-ADDE-3CA0-4BF4-B57247551953}.Release|Any CPU.Build.0 = Release|Any CPU
	EndGlobalSection
	GlobalSection(SolutionProperties) = preSolution
		HideSolutionNode = FALSE
	EndGlobalSection
	GlobalSection(ExtensibilityGlobals) = postSolution
		SolutionGuid = {7F41C2D2-43A0-4C4C-A087-43DF2E776249}
	EndGlobalSection
EndGlobal
